// !$*UTF8*$!
{
	archiveVersion = 1;
	classes = {
	};
	objectVersion = 46;
	objects = {

/* Begin PBXBuildFile section */
		0437A79A151B411800E8DDB2 /* NSDate+TimeUtils.m in Sources */ = {isa = PBXBuildFile; fileRef = 0437A799151B411800E8DDB2 /* NSDate+TimeUtils.m */; };
		045BBB23151B13620052BB0B /* UIKit.framework in Frameworks */ = {isa = PBXBuildFile; fileRef = 045BBB22151B13620052BB0B /* UIKit.framework */; };
		045BBB25151B13620052BB0B /* Foundation.framework in Frameworks */ = {isa = PBXBuildFile; fileRef = 045BBB24151B13620052BB0B /* Foundation.framework */; };
		045BBB27151B13620052BB0B /* CoreGraphics.framework in Frameworks */ = {isa = PBXBuildFile; fileRef = 045BBB26151B13620052BB0B /* CoreGraphics.framework */; };
		045BBB29151B13620052BB0B /* CoreData.framework in Frameworks */ = {isa = PBXBuildFile; fileRef = 045BBB28151B13620052BB0B /* CoreData.framework */; };
		045BBB2F151B13620052BB0B /* InfoPlist.strings in Resources */ = {isa = PBXBuildFile; fileRef = 045BBB2D151B13620052BB0B /* InfoPlist.strings */; };
		045BBB31151B13620052BB0B /* main.m in Sources */ = {isa = PBXBuildFile; fileRef = 045BBB30151B13620052BB0B /* main.m */; };
		045BBB35151B13620052BB0B /* AppDelegate.m in Sources */ = {isa = PBXBuildFile; fileRef = 045BBB34151B13620052BB0B /* AppDelegate.m */; };
		045BBB38151B13620052BB0B /* MainStoryboard_iPhone.storyboard in Resources */ = {isa = PBXBuildFile; fileRef = 045BBB36151B13620052BB0B /* MainStoryboard_iPhone.storyboard */; };
		045BBB3B151B13620052BB0B /* MainStoryboard_iPad.storyboard in Resources */ = {isa = PBXBuildFile; fileRef = 045BBB39151B13620052BB0B /* MainStoryboard_iPad.storyboard */; };
		045BBB3E151B13620052BB0B /* MyDay.xcdatamodeld in Sources */ = {isa = PBXBuildFile; fileRef = 045BBB3C151B13620052BB0B /* MyDay.xcdatamodeld */; };
		045BBB41151B13620052BB0B /* MasterViewController.m in Sources */ = {isa = PBXBuildFile; fileRef = 045BBB40151B13620052BB0B /* MasterViewController.m */; };
		045BBB44151B13620052BB0B /* DetailViewController.m in Sources */ = {isa = PBXBuildFile; fileRef = 045BBB43151B13620052BB0B /* DetailViewController.m */; };
/* End PBXBuildFile section */

/* Begin PBXFileReference section */
		0437A798151B411800E8DDB2 /* NSDate+TimeUtils.h */ = {isa = PBXFileReference; fileEncoding = 4; lastKnownFileType = sourcecode.c.h; path = "NSDate+TimeUtils.h"; sourceTree = "<group>"; };
		0437A799151B411800E8DDB2 /* NSDate+TimeUtils.m */ = {isa = PBXFileReference; fileEncoding = 4; lastKnownFileType = sourcecode.c.objc; path = "NSDate+TimeUtils.m"; sourceTree = "<group>"; };
		045BBB1E151B13620052BB0B /* MyDay.app */ = {isa = PBXFileReference; explicitFileType = wrapper.application; includeInIndex = 0; path = MyDay.app; sourceTree = BUILT_PRODUCTS_DIR; };
		045BBB22151B13620052BB0B /* UIKit.framework */ = {isa = PBXFileReference; lastKnownFileType = wrapper.framework; name = UIKit.framework; path = System/Library/Frameworks/UIKit.framework; sourceTree = SDKROOT; };
		045BBB24151B13620052BB0B /* Foundation.framework */ = {isa = PBXFileReference; lastKnownFileType = wrapper.framework; name = Foundation.framework; path = System/Library/Frameworks/Foundation.framework; sourceTree = SDKROOT; };
		045BBB26151B13620052BB0B /* CoreGraphics.framework */ = {isa = PBXFileReference; lastKnownFileType = wrapper.framework; name = CoreGraphics.framework; path = System/Library/Frameworks/CoreGraphics.framework; sourceTree = SDKROOT; };
		045BBB28151B13620052BB0B /* CoreData.framework */ = {isa = PBXFileReference; lastKnownFileType = wrapper.framework; name = CoreData.framework; path = System/Library/Frameworks/CoreData.framework; sourceTree = SDKROOT; };
		045BBB2C151B13620052BB0B /* MyDay-Info.plist */ = {isa = PBXFileReference; lastKnownFileType = text.plist.xml; path = "MyDay-Info.plist"; sourceTree = "<group>"; };
		045BBB2E151B13620052BB0B /* en */ = {isa = PBXFileReference; lastKnownFileType = text.plist.strings; name = en; path = en.lproj/InfoPlist.strings; sourceTree = "<group>"; };
		045BBB30151B13620052BB0B /* main.m */ = {isa = PBXFileReference; lastKnownFileType = sourcecode.c.objc; path = main.m; sourceTree = "<group>"; };
		045BBB32151B13620052BB0B /* MyDay-Prefix.pch */ = {isa = PBXFileReference; lastKnownFileType = sourcecode.c.h; path = "MyDay-Prefix.pch"; sourceTree = "<group>"; };
		045BBB33151B13620052BB0B /* AppDelegate.h */ = {isa = PBXFileReference; lastKnownFileType = sourcecode.c.h; path = AppDelegate.h; sourceTree = "<group>"; };
		045BBB34151B13620052BB0B /* AppDelegate.m */ = {isa = PBXFileReference; lastKnownFileType = sourcecode.c.objc; path = AppDelegate.m; sourceTree = "<group>"; };
		045BBB37151B13620052BB0B /* en */ = {isa = PBXFileReference; lastKnownFileType = file.storyboard; name = en; path = en.lproj/MainStoryboard_iPhone.storyboard; sourceTree = "<group>"; };
		045BBB3A151B13620052BB0B /* en */ = {isa = PBXFileReference; lastKnownFileType = file.storyboard; name = en; path = en.lproj/MainStoryboard_iPad.storyboard; sourceTree = "<group>"; };
		045BBB3D151B13620052BB0B /* MyDay.xcdatamodel */ = {isa = PBXFileReference; lastKnownFileType = wrapper.xcdatamodel; path = MyDay.xcdatamodel; sourceTree = "<group>"; };
		045BBB3F151B13620052BB0B /* MasterViewController.h */ = {isa = PBXFileReference; lastKnownFileType = sourcecode.c.h; path = MasterViewController.h; sourceTree = "<group>"; };
		045BBB40151B13620052BB0B /* MasterViewController.m */ = {isa = PBXFileReference; lastKnownFileType = sourcecode.c.objc; path = MasterViewController.m; sourceTree = "<group>"; };
		045BBB42151B13620052BB0B /* DetailViewController.h */ = {isa = PBXFileReference; lastKnownFileType = sourcecode.c.h; path = DetailViewController.h; sourceTree = "<group>"; };
		045BBB43151B13620052BB0B /* DetailViewController.m */ = {isa = PBXFileReference; lastKnownFileType = sourcecode.c.objc; path = DetailViewController.m; sourceTree = "<group>"; };
		04D601001523651B0021B416 /* ru-RU */ = {isa = PBXFileReference; lastKnownFileType = file.storyboard; name = "ru-RU"; path = "/Users/ssv/Projects/MyDay/MyDay/ru-RU.lproj/MainStoryboard_iPhone.storyboard"; sourceTree = "<absolute>"; };
		04D601011523651B0021B416 /* ru-RU */ = {isa = PBXFileReference; lastKnownFileType = file.storyboard; name = "ru-RU"; path = "/Users/ssv/Projects/MyDay/MyDay/ru-RU.lproj/MainStoryboard_iPad.storyboard"; sourceTree = "<absolute>"; };
		04D601021523651B0021B416 /* ru-RU */ = {isa = PBXFileReference; lastKnownFileType = text.plist.strings; name = "ru-RU"; path = "/Users/ssv/Projects/MyDay/MyDay/ru-RU.lproj/InfoPlist.strings"; sourceTree = "<absolute>"; };
/* End PBXFileReference section */

/* Begin PBXFrameworksBuildPhase section */
		045BBB1B151B13620052BB0B /* Frameworks */ = {
			isa = PBXFrameworksBuildPhase;
			buildActionMask = 2147483647;
			files = (
				045BBB23151B13620052BB0B /* UIKit.framework in Frameworks */,
				045BBB25151B13620052BB0B /* Foundation.framework in Frameworks */,
				045BBB27151B13620052BB0B /* CoreGraphics.framework in Frameworks */,
				045BBB29151B13620052BB0B /* CoreData.framework in Frameworks */,
			);
			runOnlyForDeploymentPostprocessing = 0;
		};
/* End PBXFrameworksBuildPhase section */

/* Begin PBXGroup section */
		0437A795151B403B00E8DDB2 /* Utils */ = {
			isa = PBXGroup;
			children = (
				0437A798151B411800E8DDB2 /* NSDate+TimeUtils.h */,
				0437A799151B411800E8DDB2 /* NSDate+TimeUtils.m */,
			);
			name = Utils;
			sourceTree = "<group>";
		};
		045BBB13151B135D0052BB0B = {
			isa = PBXGroup;
			children = (
				045BBB2A151B13620052BB0B /* MyDay */,
				045BBB21151B13620052BB0B /* Frameworks */,
				045BBB1F151B13620052BB0B /* Products */,
			);
			sourceTree = "<group>";
		};
		045BBB1F151B13620052BB0B /* Products */ = {
			isa = PBXGroup;
			children = (
				045BBB1E151B13620052BB0B /* MyDay.app */,
			);
			name = Products;
			sourceTree = "<group>";
		};
		045BBB21151B13620052BB0B /* Frameworks */ = {
			isa = PBXGroup;
			children = (
				045BBB22151B13620052BB0B /* UIKit.framework */,
				045BBB24151B13620052BB0B /* Foundation.framework */,
				045BBB26151B13620052BB0B /* CoreGraphics.framework */,
				045BBB28151B13620052BB0B /* CoreData.framework */,
			);
			name = Frameworks;
			sourceTree = "<group>";
		};
		045BBB2A151B13620052BB0B /* MyDay */ = {
			isa = PBXGroup;
			children = (
				045FA37C151B1C5000409355 /* Application */,
				045FA37F151B1C6B00409355 /* Models */,
				045FA37D151B1C5900409355 /* Views */,
				045FA37E151B1C6200409355 /* Controllers */,
				0437A795151B403B00E8DDB2 /* Utils */,
				045BBB2B151B13620052BB0B /* Supporting Files */,
			);
			path = MyDay;
			sourceTree = "<group>";
		};
		045BBB2B151B13620052BB0B /* Supporting Files */ = {
			isa = PBXGroup;
			children = (
				045BBB2C151B13620052BB0B /* MyDay-Info.plist */,
				045BBB2D151B13620052BB0B /* InfoPlist.strings */,
				045BBB30151B13620052BB0B /* main.m */,
				045BBB32151B13620052BB0B /* MyDay-Prefix.pch */,
			);
			name = "Supporting Files";
			sourceTree = "<group>";
		};
		045FA37C151B1C5000409355 /* Application */ = {
			isa = PBXGroup;
			children = (
				045BBB33151B13620052BB0B /* AppDelegate.h */,
				045BBB34151B13620052BB0B /* AppDelegate.m */,
			);
			name = Application;
			sourceTree = "<group>";
		};
		045FA37D151B1C5900409355 /* Views */ = {
			isa = PBXGroup;
			children = (
				045BBB36151B13620052BB0B /* MainStoryboard_iPhone.storyboard */,
				045BBB39151B13620052BB0B /* MainStoryboard_iPad.storyboard */,
			);
			name = Views;
			sourceTree = "<group>";
		};
		045FA37E151B1C6200409355 /* Controllers */ = {
			isa = PBXGroup;
			children = (
				045BBB3F151B13620052BB0B /* MasterViewController.h */,
				045BBB40151B13620052BB0B /* MasterViewController.m */,
				045BBB42151B13620052BB0B /* DetailViewController.h */,
				045BBB43151B13620052BB0B /* DetailViewController.m */,
			);
			name = Controllers;
			sourceTree = "<group>";
		};
		045FA37F151B1C6B00409355 /* Models */ = {
			isa = PBXGroup;
			children = (
				045BBB3C151B13620052BB0B /* MyDay.xcdatamodeld */,
			);
			name = Models;
			sourceTree = "<group>";
		};
/* End PBXGroup section */

/* Begin PBXNativeTarget section */
		045BBB1D151B13620052BB0B /* MyDay */ = {
			isa = PBXNativeTarget;
			buildConfigurationList = 045BBB47151B13620052BB0B /* Build configuration list for PBXNativeTarget "MyDay" */;
			buildPhases = (
				045BBB1A151B13620052BB0B /* Sources */,
				045BBB1B151B13620052BB0B /* Frameworks */,
				045BBB1C151B13620052BB0B /* Resources */,
			);
			buildRules = (
			);
			dependencies = (
			);
			name = MyDay;
			productName = MyDay;
			productReference = 045BBB1E151B13620052BB0B /* MyDay.app */;
			productType = "com.apple.product-type.application";
		};
/* End PBXNativeTarget section */

/* Begin PBXProject section */
		045BBB15151B135D0052BB0B /* Project object */ = {
			isa = PBXProject;
			attributes = {
				LastUpgradeCheck = 0430;
			};
			buildConfigurationList = 045BBB18151B135D0052BB0B /* Build configuration list for PBXProject "MyDay" */;
			compatibilityVersion = "Xcode 3.2";
			developmentRegion = English;
			hasScannedForEncodings = 0;
			knownRegions = (
				en,
			);
			mainGroup = 045BBB13151B135D0052BB0B;
			productRefGroup = 045BBB1F151B13620052BB0B /* Products */;
			projectDirPath = "";
			projectRoot = "";
			targets = (
				045BBB1D151B13620052BB0B /* MyDay */,
			);
		};
/* End PBXProject section */

/* Begin PBXResourcesBuildPhase section */
		045BBB1C151B13620052BB0B /* Resources */ = {
			isa = PBXResourcesBuildPhase;
			buildActionMask = 2147483647;
			files = (
				045BBB2F151B13620052BB0B /* InfoPlist.strings in Resources */,
				045BBB38151B13620052BB0B /* MainStoryboard_iPhone.storyboard in Resources */,
				045BBB3B151B13620052BB0B /* MainStoryboard_iPad.storyboard in Resources */,
			);
			runOnlyForDeploymentPostprocessing = 0;
		};
/* End PBXResourcesBuildPhase section */

/* Begin PBXSourcesBuildPhase section */
		045BBB1A151B13620052BB0B /* Sources */ = {
			isa = PBXSourcesBuildPhase;
			buildActionMask = 2147483647;
			files = (
				045BBB31151B13620052BB0B /* main.m in Sources */,
				045BBB35151B13620052BB0B /* AppDelegate.m in Sources */,
				045BBB3E151B13620052BB0B /* MyDay.xcdatamodeld in Sources */,
				045BBB41151B13620052BB0B /* MasterViewController.m in Sources */,
				045BBB44151B13620052BB0B /* DetailViewController.m in Sources */,
				0437A79A151B411800E8DDB2 /* NSDate+TimeUtils.m in Sources */,
			);
			runOnlyForDeploymentPostprocessing = 0;
		};
/* End PBXSourcesBuildPhase section */

/* Begin PBXVariantGroup section */
		045BBB2D151B13620052BB0B /* InfoPlist.strings */ = {
			isa = PBXVariantGroup;
			children = (
				045BBB2E151B13620052BB0B /* en */,
				04D601021523651B0021B416 /* ru-RU */,
			);
			name = InfoPlist.strings;
			sourceTree = "<group>";
		};
		045BBB36151B13620052BB0B /* MainStoryboard_iPhone.storyboard */ = {
			isa = PBXVariantGroup;
			children = (
				045BBB37151B13620052BB0B /* en */,
				04D601001523651B0021B416 /* ru-RU */,
			);
			name = MainStoryboard_iPhone.storyboard;
			sourceTree = "<group>";
		};
		045BBB39151B13620052BB0B /* MainStoryboard_iPad.storyboard */ = {
			isa = PBXVariantGroup;
			children = (
				045BBB3A151B13620052BB0B /* en */,
				04D601011523651B0021B416 /* ru-RU */,
			);
			name = MainStoryboard_iPad.storyboard;
			sourceTree = "<group>";
		};
/* End PBXVariantGroup section */

/* Begin XCBuildConfiguration section */
		045BBB45151B13620052BB0B /* Debug */ = {
			isa = XCBuildConfiguration;
			buildSettings = {
				ALWAYS_SEARCH_USER_PATHS = NO;
				ARCHS = "$(ARCHS_STANDARD_32_BIT)";
				CLANG_ENABLE_OBJC_ARC = YES;
				"CODE_SIGN_IDENTITY[sdk=iphoneos*]" = "iPhone Developer";
				COPY_PHASE_STRIP = NO;
				GCC_C_LANGUAGE_STANDARD = gnu99;
				GCC_DYNAMIC_NO_PIC = NO;
				GCC_OPTIMIZATION_LEVEL = 0;
				GCC_PREPROCESSOR_DEFINITIONS = (
					"DEBUG=1",
					"$(inherited)",
				);
				GCC_SYMBOLS_PRIVATE_EXTERN = NO;
				GCC_VERSION = com.apple.compilers.llvm.clang.1_0;
				GCC_WARN_ABOUT_RETURN_TYPE = YES;
				GCC_WARN_UNINITIALIZED_AUTOS = YES;
				GCC_WARN_UNUSED_VARIABLE = YES;
				IPHONEOS_DEPLOYMENT_TARGET = 5.0;
				SDKROOT = iphoneos;
				TARGETED_DEVICE_FAMILY = "1,2";
			};
			name = Debug;
		};
		045BBB46151B13620052BB0B /* Release */ = {
			isa = XCBuildConfiguration;
			buildSettings = {
				ALWAYS_SEARCH_USER_PATHS = NO;
				ARCHS = "$(ARCHS_STANDARD_32_BIT)";
				CLANG_ENABLE_OBJC_ARC = YES;
				"CODE_SIGN_IDENTITY[sdk=iphoneos*]" = "iPhone Developer";
				COPY_PHASE_STRIP = YES;
				GCC_C_LANGUAGE_STANDARD = gnu99;
				GCC_VERSION = com.apple.compilers.llvm.clang.1_0;
				GCC_WARN_ABOUT_RETURN_TYPE = YES;
				GCC_WARN_UNINITIALIZED_AUTOS = YES;
				GCC_WARN_UNUSED_VARIABLE = YES;
				IPHONEOS_DEPLOYMENT_TARGET = 5.0;
				OTHER_CFLAGS = "-DNS_BLOCK_ASSERTIONS=1";
				SDKROOT = iphoneos;
				TARGETED_DEVICE_FAMILY = "1,2";
				VALIDATE_PRODUCT = YES;
			};
			name = Release;
		};
		045BBB48151B13620052BB0B /* Debug */ = {
			isa = XCBuildConfiguration;
			buildSettings = {
				GCC_PRECOMPILE_PREFIX_HEADER = YES;
				GCC_PREFIX_HEADER = "MyDay/MyDay-Prefix.pch";
				INFOPLIST_FILE = "MyDay/MyDay-Info.plist";
				PRODUCT_NAME = "$(TARGET_NAME)";
				WRAPPER_EXTENSION = app;
			};
			name = Debug;
		};
		045BBB49151B13620052BB0B /* Release */ = {
			isa = XCBuildConfiguration;
			buildSettings = {
				GCC_PRECOMPILE_PREFIX_HEADER = YES;
				GCC_PREFIX_HEADER = "MyDay/MyDay-Prefix.pch";
				INFOPLIST_FILE = "MyDay/MyDay-Info.plist";
				PRODUCT_NAME = "$(TARGET_NAME)";
				WRAPPER_EXTENSION = app;
			};
			name = Release;
		};
/* End XCBuildConfiguration section */

/* Begin XCConfigurationList section */
		045BBB18151B135D0052BB0B /* Build configuration list for PBXProject "MyDay" */ = {
			isa = XCConfigurationList;
			buildConfigurations = (
				045BBB45151B13620052BB0B /* Debug */,
				045BBB46151B13620052BB0B /* Release */,
			);
			defaultConfigurationIsVisible = 0;
			defaultConfigurationName = Debug;
		};
		045BBB47151B13620052BB0B /* Build configuration list for PBXNativeTarget "MyDay" */ = {
			isa = XCConfigurationList;
			buildConfigurations = (
				045BBB48151B13620052BB0B /* Debug */,
				045BBB49151B13620052BB0B /* Release */,
			);
			defaultConfigurationIsVisible = 0;
			defaultConfigurationName = Debug;
		};
/* End XCConfigurationList section */

/* Begin XCVersionGroup section */
		045BBB3C151B13620052BB0B /* MyDay.xcdatamodeld */ = {
			isa = XCVersionGroup;
			children = (
				045BBB3D151B13620052BB0B /* MyDay.xcdatamodel */,
			);
			currentVersion = 045BBB3D151B13620052BB0B /* MyDay.xcdatamodel */;
			path = MyDay.xcdatamodeld;
			sourceTree = "<group>";
			versionGroupType = wrapper.xcdatamodel;
		};
/* End XCVersionGroup section */
	};
	rootObject = 045BBB15151B135D0052BB0B /* Project object */;
}
